
Microsoft Visual Studio Solution File, Format Version 12.00
# Visual Studio Version 17
VisualStudioVersion = 17.3.32901.215
MinimumVisualStudioVersion = 10.0.40219.1
Project("{9A19103F-16F7-4668-BE54-9A1E7A4F7556}") = "GameCollectibleApp", "GameCollectibleApp.csproj", "{433C7834-E575-4BF2-83A0-62AFDA77B864}"
EndProject
Project("{9A19103F-16F7-4668-BE54-9A1E7A4F7556}") = "GameCollectiblesData", "..\GameCollectiblesData\GameCollectiblesData.csproj", "{ECD02AFF-1843-4A0C-92DD-FD2AE2E17E32}"
EndProject
Project("{9A19103F-16F7-4668-BE54-9A1E7A4F7556}") = "GameCollectiblesCore", "..\GameCollectiblesCore\GameCollectiblesCore.csproj", "{D7A2AADE-F7EE-4A6B-BCA0-42F1CAA292E5}"
EndProject
Project("{FAE04EC0-301F-11D3-BF4B-00C04F79EFBC}") = "xUnitTestGameCollectibles", "..\xUnitTestGameCollectibles\xUnitTestGameCollectibles.csproj", "{E2388B54-9B8D-449D-A355-60493EF92CCF}"
EndProject
Global
	GlobalSection(SolutionConfigurationPlatforms) = preSolution
		Debug|Any CPU = Debug|Any CPU
		Release|Any CPU = Release|Any CPU
	EndGlobalSection
	GlobalSection(ProjectConfigurationPlatforms) = postSolution
		{433C7834-E575-4BF2-83A0-62AFDA77B864}.Debug|Any CPU.ActiveCfg = Debug|Any CPU
		{433C7834-E575-4BF2-83A0-62AFDA77B864}.Debug|Any CPU.Build.0 = Debug|Any CPU
		{433C7834-E575-4BF2-83A0-62AFDA77B864}.Release|Any CPU.ActiveCfg = Release|Any CPU
		{433C7834-E575-4BF2-83A0-62AFDA77B864}.Release|Any CPU.Build.0 = Release|Any CPU
		{ECD02AFF-1843-4A0C-92DD-FD2AE2E17E32}.Debug|Any CPU.ActiveCfg = Debug|Any CPU
		{ECD02AFF-1843-4A0C-92DD-FD2AE2E17E32}.Debug|Any CPU.Build.0 = Debug|Any CPU
		{ECD02AFF-1843-4A0C-92DD-FD2AE2E17E32}.Release|Any CPU.ActiveCfg = Release|Any CPU
		{ECD02AFF-1843-4A0C-92DD-FD2AE2E17E32}.Release|Any CPU.Build.0 = Release|Any CPU
		{D7A2AADE-F7EE-4A6B-BCA0-42F1CAA292E5}.Debug|Any CPU.ActiveCfg = Debug|Any CPU
		{D7A2AADE-F7EE-4A6B-BCA0-42F1CAA292E5}.Debug|Any CPU.Build.0 = Debug|Any CPU
		{D7A2AADE-F7EE-4A6B-BCA0-42F1CAA292E5}.Release|Any CPU.ActiveCfg = Release|Any CPU
		{D7A2AADE-F7EE-4A6B-BCA0-42F1CAA292E5}.Release|Any CPU.Build.0 = Release|Any CPU
		{E2388B54-9B8D-449D-A355-60493EF92CCF}.Debug|Any CPU.ActiveCfg = Debug|Any CPU
		{E2388B54-9B8D-449D-A355-60493EF92CCF}.Debug|Any CPU.Build.0 = Debug|Any CPU
		{E2388B54-9B8D-449D-A355-60493EF92CCF}.Release|Any CPU.ActiveCfg = Release|Any CPU
		{E2388B54-9B8D-449D-A355-60493EF92CCF}.Release|Any CPU.Build.0 = Release|Any CPU
	EndGlobalSection
	GlobalSection(SolutionProperties) = preSolution
		HideSolutionNode = FALSE
	EndGlobalSection
	GlobalSection(ExtensibilityGlobals) = postSolution
		SolutionGuid = {732693DE-EBA9-432A-95AD-D3A33ABFB860}
	EndGlobalSection
EndGlobal
